
Microsoft Visual Studio Solution File, Format Version 12.00
# Visual Studio Version 17
VisualStudioVersion = 17.8.34309.116
MinimumVisualStudioVersion = 10.0.40219.1
Project("{FAE04EC0-301F-11D3-BF4B-00C04F79EFBC}") = "MAtch game", "MAtch game.csproj", "{6A978FC9-9312-459F-B028-5D0B3655FA94}"
EndProject
Global
	GlobalSection(SolutionConfigurationPlatforms) = preSolution
		Debug|Any CPU = Debug|Any CPU
		Release|Any CPU = Release|Any CPU
	EndGlobalSection
	GlobalSection(ProjectConfigurationPlatforms) = postSolution
		{6A978FC9-9312-459F-B028-5D0B3655FA94}.Debug|Any CPU.ActiveCfg = Debug|Any CPU
		{6A978FC9-9312-459F-B028-5D0B3655FA94}.Debug|Any CPU.Build.0 = Debug|Any CPU
		{6A978FC9-9312-459F-B028-5D0B3655FA94}.Release|Any CPU.ActiveCfg = Release|Any CPU
		{6A978FC9-9312-459F-B028-5D0B3655FA94}.Release|Any CPU.Build.0 = Release|Any CPU
	EndGlobalSection
	GlobalSection(SolutionProperties) = preSolution
		HideSolutionNode = FALSE
	EndGlobalSection
	GlobalSection(ExtensibilityGlobals) = postSolution
		SolutionGuid = {C909B485-60D3-4BA1-9A6A-9D562EDE96BA}
	EndGlobalSection
EndGlobal
